<?xml version="1.0" encoding="utf-8"?>
<Project ToolsVersion="4.0" xmlns="http://schemas.microsoft.com/developer/msbuild/2003">
  <ItemGroup>
    <Filter Include="Source Files">
      <UniqueIdentifier>{4FC737F1-C7A5-4376-A066-2A32D752A2FF}</UniqueIdentifier>
      <Extensions>cpp;c;cc;cxx;def;odl;idl;hpj;bat;asm;asmx</Extensions>
    </Filter>
    <Filter Include="Header Files">
      <UniqueIdentifier>{93995380-89BD-4b04-88EB-625FBE52EBFB}</UniqueIdentifier>
      <Extensions>h;hh;hpp;hxx;hm;inl;inc;ipp;xsd</Extensions>
    </Filter>
    <Filter Include="Resource Files">
      <UniqueIdentifier>{67DA6AB6-F800-4c08-8B7A-83BB121AAD01}</UniqueIdentifier>
      <Extensions>rc;ico;cur;bmp;dlg;rc2;rct;bin;rgs;gif;jpg;jpeg;jpe;resx;tiff;tif;png;wav;mfcribbon-ms</Extensions>
    </Filter>
    <Filter Include="shaders">
      <UniqueIdentifier>{3cf86e85-48cd-4a1f-a348-f01284221c5a}</UniqueIdentifier>
    </Filter>
    <Filter Include="levels">
      <UniqueIdentifier>{5af94bf1-8d8e-459a-90ea-fe07e55aacfc}</UniqueIdentifier>
    </Filter>
  </ItemGroup>
  <ItemGroup>
    <ClCompile Include="src\Sandbox.cpp">
      <Filter>Source Files</Filter>
    </ClCompile>
    <ClCompile Include="src\SandboxMap.cpp">
      <Filter>Source Files</Filter>
    </ClCompile>
    <ClCompile Include="src\SandboxCamera.cpp">
      <Filter>Source Files</Filter>
    </ClCompile>
    <ClCompile Include="src\SandboxShaders.cpp">
      <Filter>Source Files</Filter>
    </ClCompile>
  </ItemGroup>
  <ItemGroup>
    <ClInclude Include="includes\Sandbox.h">
      <Filter>Header Files</Filter>
    </ClInclude>
    <ClInclude Include="includes\SandboxMap.h">
      <Filter>Header Files</Filter>
    </ClInclude>
    <ClInclude Include="includes\SandboxCamera.h">
      <Filter>Header Files</Filter>
    </ClInclude>
    <ClInclude Include="includes\SandboxShaders.h">
      <Filter>Header Files</Filter>
    </ClInclude>
    <ClInclude Include="includes\SandboxCUDA.h">
      <Filter>Header Files</Filter>
    </ClInclude>
  </ItemGroup>
  <ItemGroup>
    <None Include="shaders\ground.vs">
      <Filter>shaders</Filter>
    </None>
    <None Include="shaders\ground.fs">
      <Filter>shaders</Filter>
    </None>
    <None Include="shaders\ground_shadow.fs">
      <Filter>shaders</Filter>
    </None>
    <None Include="shaders\ground_shadow.vs">
      <Filter>shaders</Filter>
    </None>
  </ItemGroup>
  <ItemGroup>
    <Text Include="Levels\level1.txt">
      <Filter>levels</Filter>
    </Text>
    <Text Include="Levels\level1_ao.txt">
      <Filter>levels</Filter>
    </Text>
    <Text Include="levels\level2.txt">
      <Filter>levels</Filter>
    </Text>
    <Text Include="levels\level2_ao.txt">
      <Filter>levels</Filter>
    </Text>
  </ItemGroup>
  <ItemGroup>
    <CudaCompile Include="src\SandboxOffset.cu">
      <Filter>Source Files</Filter>
    </CudaCompile>
    <CudaCompile Include="src\SandboxAdd.cu">
      <Filter>Source Files</Filter>
    </CudaCompile>
    <CudaCompile Include="src\SandboxCUDAInfo.cu">
      <Filter>Source Files</Filter>
    </CudaCompile>
    <CudaCompile Include="src\SandboxSample.cu">
      <Filter>Source Files</Filter>
    </CudaCompile>
  </ItemGroup>
</Project>